
Microsoft Visual Studio Solution File, Format Version 12.00
# Visual Studio Version 17
VisualStudioVersion = 17.11.35327.3
MinimumVisualStudioVersion = 10.0.40219.1
Project("{FAE04EC0-301F-11D3-BF4B-00C04F79EFBC}") = "NewsletterAppMVC", "NewsletterAppMVC\NewsletterAppMVC.csproj", "{33F0D998-B9CC-4400-878A-4C45A156E4C8}"
EndProject
Global
	GlobalSection(SolutionConfigurationPlatforms) = preSolution
		Debug|Any CPU = Debug|Any CPU
		Release|Any CPU = Release|Any CPU
	EndGlobalSection
	GlobalSection(ProjectConfigurationPlatforms) = postSolution
		{33F0D998-B9CC-4400-878A-4C45A156E4C8}.Debug|Any CPU.ActiveCfg = Debug|Any CPU
		{33F0D998-B9CC-4400-878A-4C45A156E4C8}.Debug|Any CPU.Build.0 = Debug|Any CPU
		{33F0D998-B9CC-4400-878A-4C45A156E4C8}.Release|Any CPU.ActiveCfg = Release|Any CPU
		{33F0D998-B9CC-4400-878A-4C45A156E4C8}.Release|Any CPU.Build.0 = Release|Any CPU
	EndGlobalSection
	GlobalSection(SolutionProperties) = preSolution
		HideSolutionNode = FALSE
	EndGlobalSection
	GlobalSection(ExtensibilityGlobals) = postSolution
		SolutionGuid = {0E205721-ED49-46B6-8A9C-76A50D600EB1}
	EndGlobalSection
EndGlobal
